// !$*UTF8*$!
{
	archiveVersion = 1;
	classes = {
	};
	objectVersion = 46;
	objects = {

/* Begin PBXBuildFile section */
		D2FE085D18E721260043A2DF /* Foundation.framework in Frameworks */ = {isa = PBXBuildFile; fileRef = D2FE085C18E721260043A2DF /* Foundation.framework */; };
		D2FE085F18E721260043A2DF /* CoreGraphics.framework in Frameworks */ = {isa = PBXBuildFile; fileRef = D2FE085E18E721260043A2DF /* CoreGraphics.framework */; };
		D2FE086118E721260043A2DF /* UIKit.framework in Frameworks */ = {isa = PBXBuildFile; fileRef = D2FE086018E721260043A2DF /* UIKit.framework */; };
		D2FE086718E721260043A2DF /* InfoPlist.strings in Resources */ = {isa = PBXBuildFile; fileRef = D2FE086518E721260043A2DF /* InfoPlist.strings */; };
		D2FE086918E721260043A2DF /* main.m in Sources */ = {isa = PBXBuildFile; fileRef = D2FE086818E721260043A2DF /* main.m */; };
		D2FE086D18E721260043A2DF /* AppDelegate.m in Sources */ = {isa = PBXBuildFile; fileRef = D2FE086C18E721260043A2DF /* AppDelegate.m */; };
		D2FE087018E721260043A2DF /* Main.storyboard in Resources */ = {isa = PBXBuildFile; fileRef = D2FE086E18E721260043A2DF /* Main.storyboard */; };
		D2FE087318E721260043A2DF /* ViewController.m in Sources */ = {isa = PBXBuildFile; fileRef = D2FE087218E721260043A2DF /* ViewController.m */; };
		D2FE087518E721260043A2DF /* Images.xcassets in Resources */ = {isa = PBXBuildFile; fileRef = D2FE087418E721260043A2DF /* Images.xcassets */; };
		D2FE087C18E721260043A2DF /* XCTest.framework in Frameworks */ = {isa = PBXBuildFile; fileRef = D2FE087B18E721260043A2DF /* XCTest.framework */; };
		D2FE087D18E721260043A2DF /* Foundation.framework in Frameworks */ = {isa = PBXBuildFile; fileRef = D2FE085C18E721260043A2DF /* Foundation.framework */; };
		D2FE087E18E721260043A2DF /* UIKit.framework in Frameworks */ = {isa = PBXBuildFile; fileRef = D2FE086018E721260043A2DF /* UIKit.framework */; };
		D2FE088618E721260043A2DF /* InfoPlist.strings in Resources */ = {isa = PBXBuildFile; fileRef = D2FE088418E721260043A2DF /* InfoPlist.strings */; };
		D2FE088818E721260043A2DF /* CubeTestTests.m in Sources */ = {isa = PBXBuildFile; fileRef = D2FE088718E721260043A2DF /* CubeTestTests.m */; };
/* End PBXBuildFile section */

/* Begin PBXContainerItemProxy section */
		D2FE087F18E721260043A2DF /* PBXContainerItemProxy */ = {
			isa = PBXContainerItemProxy;
			containerPortal = D2FE085118E721260043A2DF /* Project object */;
			proxyType = 1;
			remoteGlobalIDString = D2FE085818E721260043A2DF;
			remoteInfo = CubeTest;
		};
/* End PBXContainerItemProxy section */

/* Begin PBXFileReference section */
		D2FE085918E721260043A2DF /* CubeTest.app */ = {isa = PBXFileReference; explicitFileType = wrapper.application; includeInIndex = 0; path = CubeTest.app; sourceTree = BUILT_PRODUCTS_DIR; };
		D2FE085C18E721260043A2DF /* Foundation.framework */ = {isa = PBXFileReference; lastKnownFileType = wrapper.framework; name = Foundation.framework; path = System/Library/Frameworks/Foundation.framework; sourceTree = SDKROOT; };
		D2FE085E18E721260043A2DF /* CoreGraphics.framework */ = {isa = PBXFileReference; lastKnownFileType = wrapper.framework; name = CoreGraphics.framework; path = System/Library/Frameworks/CoreGraphics.framework; sourceTree = SDKROOT; };
		D2FE086018E721260043A2DF /* UIKit.framework */ = {isa = PBXFileReference; lastKnownFileType = wrapper.framework; name = UIKit.framework; path = System/Library/Frameworks/UIKit.framework; sourceTree = SDKROOT; };
		D2FE086418E721260043A2DF /* CubeTest-Info.plist */ = {isa = PBXFileReference; lastKnownFileType = text.plist.xml; path = "CubeTest-Info.plist"; sourceTree = "<group>"; };
		D2FE086618E721260043A2DF /* en */ = {isa = PBXFileReference; lastKnownFileType = text.plist.strings; name = en; path = en.lproj/InfoPlist.strings; sourceTree = "<group>"; };
		D2FE086818E721260043A2DF /* main.m */ = {isa = PBXFileReference; lastKnownFileType = sourcecode.c.objc; path = main.m; sourceTree = "<group>"; };
		D2FE086A18E721260043A2DF /* CubeTest-Prefix.pch */ = {isa = PBXFileReference; lastKnownFileType = sourcecode.c.h; path = "CubeTest-Prefix.pch"; sourceTree = "<group>"; };
		D2FE086B18E721260043A2DF /* AppDelegate.h */ = {isa = PBXFileReference; lastKnownFileType = sourcecode.c.h; path = AppDelegate.h; sourceTree = "<group>"; };
		D2FE086C18E721260043A2DF /* AppDelegate.m */ = {isa = PBXFileReference; lastKnownFileType = sourcecode.c.objc; path = AppDelegate.m; sourceTree = "<group>"; };
		D2FE086F18E721260043A2DF /* Base */ = {isa = PBXFileReference; lastKnownFileType = file.storyboard; name = Base; path = Base.lproj/Main.storyboard; sourceTree = "<group>"; };
		D2FE087118E721260043A2DF /* ViewController.h */ = {isa = PBXFileReference; lastKnownFileType = sourcecode.c.h; path = ViewController.h; sourceTree = "<group>"; };
		D2FE087218E721260043A2DF /* ViewController.m */ = {isa = PBXFileReference; lastKnownFileType = sourcecode.c.objc; path = ViewController.m; sourceTree = "<group>"; };
		D2FE087418E721260043A2DF /* Images.xcassets */ = {isa = PBXFileReference; lastKnownFileType = folder.assetcatalog; path = Images.xcassets; sourceTree = "<group>"; };
		D2FE087A18E721260043A2DF /* CubeTestTests.xctest */ = {isa = PBXFileReference; explicitFileType = wrapper.cfbundle; includeInIndex = 0; path = CubeTestTests.xctest; sourceTree = BUILT_PRODUCTS_DIR; };
		D2FE087B18E721260043A2DF /* XCTest.framework */ = {isa = PBXFileReference; lastKnownFileType = wrapper.framework; name = XCTest.framework; path = Library/Frameworks/XCTest.framework; sourceTree = DEVELOPER_DIR; };
		D2FE088318E721260043A2DF /* CubeTestTests-Info.plist */ = {isa = PBXFileReference; lastKnownFileType = text.plist.xml; path = "CubeTestTests-Info.plist"; sourceTree = "<group>"; };
		D2FE088518E721260043A2DF /* en */ = {isa = PBXFileReference; lastKnownFileType = text.plist.strings; name = en; path = en.lproj/InfoPlist.strings; sourceTree = "<group>"; };
		D2FE088718E721260043A2DF /* CubeTestTests.m */ = {isa = PBXFileReference; lastKnownFileType = sourcecode.c.objc; path = CubeTestTests.m; sourceTree = "<group>"; };
/* End PBXFileReference section */

/* Begin PBXFrameworksBuildPhase section */
		D2FE085618E721260043A2DF /* Frameworks */ = {
			isa = PBXFrameworksBuildPhase;
			buildActionMask = 2147483647;
			files = (
				D2FE085F18E721260043A2DF /* CoreGraphics.framework in Frameworks */,
				D2FE086118E721260043A2DF /* UIKit.framework in Frameworks */,
				D2FE085D18E721260043A2DF /* Foundation.framework in Frameworks */,
			);
			runOnlyForDeploymentPostprocessing = 0;
		};
		D2FE087718E721260043A2DF /* Frameworks */ = {
			isa = PBXFrameworksBuildPhase;
			buildActionMask = 2147483647;
			files = (
				D2FE087C18E721260043A2DF /* XCTest.framework in Frameworks */,
				D2FE087E18E721260043A2DF /* UIKit.framework in Frameworks */,
				D2FE087D18E721260043A2DF /* Foundation.framework in Frameworks */,
			);
			runOnlyForDeploymentPostprocessing = 0;
		};
/* End PBXFrameworksBuildPhase section */

/* Begin PBXGroup section */
		D2FE085018E721260043A2DF = {
			isa = PBXGroup;
			children = (
				D2FE086218E721260043A2DF /* CubeTest */,
				D2FE088118E721260043A2DF /* CubeTestTests */,
				D2FE085B18E721260043A2DF /* Frameworks */,
				D2FE085A18E721260043A2DF /* Products */,
			);
			sourceTree = "<group>";
		};
		D2FE085A18E721260043A2DF /* Products */ = {
			isa = PBXGroup;
			children = (
				D2FE085918E721260043A2DF /* CubeTest.app */,
				D2FE087A18E721260043A2DF /* CubeTestTests.xctest */,
			);
			name = Products;
			sourceTree = "<group>";
		};
		D2FE085B18E721260043A2DF /* Frameworks */ = {
			isa = PBXGroup;
			children = (
				D2FE085C18E721260043A2DF /* Foundation.framework */,
				D2FE085E18E721260043A2DF /* CoreGraphics.framework */,
				D2FE086018E721260043A2DF /* UIKit.framework */,
				D2FE087B18E721260043A2DF /* XCTest.framework */,
			);
			name = Frameworks;
			sourceTree = "<group>";
		};
		D2FE086218E721260043A2DF /* CubeTest */ = {
			isa = PBXGroup;
			children = (
				D2FE086B18E721260043A2DF /* AppDelegate.h */,
				D2FE086C18E721260043A2DF /* AppDelegate.m */,
				D2FE086E18E721260043A2DF /* Main.storyboard */,
				D2FE087118E721260043A2DF /* ViewController.h */,
				D2FE087218E721260043A2DF /* ViewController.m */,
				D2FE087418E721260043A2DF /* Images.xcassets */,
				D2FE086318E721260043A2DF /* Supporting Files */,
			);
			path = CubeTest;
			sourceTree = "<group>";
		};
		D2FE086318E721260043A2DF /* Supporting Files */ = {
			isa = PBXGroup;
			children = (
				D2FE086418E721260043A2DF /* CubeTest-Info.plist */,
				D2FE086518E721260043A2DF /* InfoPlist.strings */,
				D2FE086818E721260043A2DF /* main.m */,
				D2FE086A18E721260043A2DF /* CubeTest-Prefix.pch */,
			);
			name = "Supporting Files";
			sourceTree = "<group>";
		};
		D2FE088118E721260043A2DF /* CubeTestTests */ = {
			isa = PBXGroup;
			children = (
				D2FE088718E721260043A2DF /* CubeTestTests.m */,
				D2FE088218E721260043A2DF /* Supporting Files */,
			);
			path = CubeTestTests;
			sourceTree = "<group>";
		};
		D2FE088218E721260043A2DF /* Supporting Files */ = {
			isa = PBXGroup;
			children = (
				D2FE088318E721260043A2DF /* CubeTestTests-Info.plist */,
				D2FE088418E721260043A2DF /* InfoPlist.strings */,
			);
			name = "Supporting Files";
			sourceTree = "<group>";
		};
/* End PBXGroup section */

/* Begin PBXNativeTarget section */
		D2FE085818E721260043A2DF /* CubeTest */ = {
			isa = PBXNativeTarget;
			buildConfigurationList = D2FE088B18E721260043A2DF /* Build configuration list for PBXNativeTarget "CubeTest" */;
			buildPhases = (
				D2FE085518E721260043A2DF /* Sources */,
				D2FE085618E721260043A2DF /* Frameworks */,
				D2FE085718E721260043A2DF /* Resources */,
			);
			buildRules = (
			);
			dependencies = (
			);
			name = CubeTest;
			productName = CubeTest;
			productReference = D2FE085918E721260043A2DF /* CubeTest.app */;
			productType = "com.apple.product-type.application";
		};
		D2FE087918E721260043A2DF /* CubeTestTests */ = {
			isa = PBXNativeTarget;
			buildConfigurationList = D2FE088E18E721260043A2DF /* Build configuration list for PBXNativeTarget "CubeTestTests" */;
			buildPhases = (
				D2FE087618E721260043A2DF /* Sources */,
				D2FE087718E721260043A2DF /* Frameworks */,
				D2FE087818E721260043A2DF /* Resources */,
			);
			buildRules = (
			);
			dependencies = (
				D2FE088018E721260043A2DF /* PBXTargetDependency */,
			);
			name = CubeTestTests;
			productName = CubeTestTests;
			productReference = D2FE087A18E721260043A2DF /* CubeTestTests.xctest */;
			productType = "com.apple.product-type.bundle.unit-test";
		};
/* End PBXNativeTarget section */

/* Begin PBXProject section */
		D2FE085118E721260043A2DF /* Project object */ = {
			isa = PBXProject;
			attributes = {
				LastUpgradeCheck = 0510;
				ORGANIZATIONNAME = "Optimac, Inc.";
				TargetAttributes = {
					D2FE087918E721260043A2DF = {
						TestTargetID = D2FE085818E721260043A2DF;
					};
				};
			};
			buildConfigurationList = D2FE085418E721260043A2DF /* Build configuration list for PBXProject "CubeTest" */;
			compatibilityVersion = "Xcode 3.2";
			developmentRegion = English;
			hasScannedForEncodings = 0;
			knownRegions = (
				en,
				Base,
			);
			mainGroup = D2FE085018E721260043A2DF;
			productRefGroup = D2FE085A18E721260043A2DF /* Products */;
			projectDirPath = "";
			projectRoot = "";
			targets = (
				D2FE085818E721260043A2DF /* CubeTest */,
				D2FE087918E721260043A2DF /* CubeTestTests */,
			);
		};
/* End PBXProject section */

/* Begin PBXResourcesBuildPhase section */
		D2FE085718E721260043A2DF /* Resources */ = {
			isa = PBXResourcesBuildPhase;
			buildActionMask = 2147483647;
			files = (
				D2FE087518E721260043A2DF /* Images.xcassets in Resources */,
				D2FE086718E721260043A2DF /* InfoPlist.strings in Resources */,
				D2FE087018E721260043A2DF /* Main.storyboard in Resources */,
			);
			runOnlyForDeploymentPostprocessing = 0;
		};
		D2FE087818E721260043A2DF /* Resources */ = {
			isa = PBXResourcesBuildPhase;
			buildActionMask = 2147483647;
			files = (
				D2FE088618E721260043A2DF /* InfoPlist.strings in Resources */,
			);
			runOnlyForDeploymentPostprocessing = 0;
		};
/* End PBXResourcesBuildPhase section */

/* Begin PBXSourcesBuildPhase section */
		D2FE085518E721260043A2DF /* Sources */ = {
			isa = PBXSourcesBuildPhase;
			buildActionMask = 2147483647;
			files = (
				D2FE087318E721260043A2DF /* ViewController.m in Sources */,
				D2FE086D18E721260043A2DF /* AppDelegate.m in Sources */,
				D2FE086918E721260043A2DF /* main.m in Sources */,
			);
			runOnlyForDeploymentPostprocessing = 0;
		};
		D2FE087618E721260043A2DF /* Sources */ = {
			isa = PBXSourcesBuildPhase;
			buildActionMask = 2147483647;
			files = (
				D2FE088818E721260043A2DF /* CubeTestTests.m in Sources */,
			);
			runOnlyForDeploymentPostprocessing = 0;
		};
/* End PBXSourcesBuildPhase section */

/* Begin PBXTargetDependency section */
		D2FE088018E721260043A2DF /* PBXTargetDependency */ = {
			isa = PBXTargetDependency;
			target = D2FE085818E721260043A2DF /* CubeTest */;
			targetProxy = D2FE087F18E721260043A2DF /* PBXContainerItemProxy */;
		};
/* End PBXTargetDependency section */

/* Begin PBXVariantGroup section */
		D2FE086518E721260043A2DF /* InfoPlist.strings */ = {
			isa = PBXVariantGroup;
			children = (
				D2FE086618E721260043A2DF /* en */,
			);
			name = InfoPlist.strings;
			sourceTree = "<group>";
		};
		D2FE086E18E721260043A2DF /* Main.storyboard */ = {
			isa = PBXVariantGroup;
			children = (
				D2FE086F18E721260043A2DF /* Base */,
			);
			name = Main.storyboard;
			sourceTree = "<group>";
		};
		D2FE088418E721260043A2DF /* InfoPlist.strings */ = {
			isa = PBXVariantGroup;
			children = (
				D2FE088518E721260043A2DF /* en */,
			);
			name = InfoPlist.strings;
			sourceTree = "<group>";
		};
/* End PBXVariantGroup section */

/* Begin XCBuildConfiguration section */
		D2FE088918E721260043A2DF /* Debug */ = {
			isa = XCBuildConfiguration;
			buildSettings = {
				ALWAYS_SEARCH_USER_PATHS = NO;
				CLANG_CXX_LANGUAGE_STANDARD = "gnu++0x";
				CLANG_CXX_LIBRARY = "libc++";
				CLANG_ENABLE_MODULES = YES;
				CLANG_ENABLE_OBJC_ARC = YES;
				CLANG_WARN_BOOL_CONVERSION = YES;
				CLANG_WARN_CONSTANT_CONVERSION = YES;
				CLANG_WARN_DIRECT_OBJC_ISA_USAGE = YES_ERROR;
				CLANG_WARN_EMPTY_BODY = YES;
				CLANG_WARN_ENUM_CONVERSION = YES;
				CLANG_WARN_INT_CONVERSION = YES;
				CLANG_WARN_OBJC_ROOT_CLASS = YES_ERROR;
				CLANG_WARN__DUPLICATE_METHOD_MATCH = YES;
				"CODE_SIGN_IDENTITY[sdk=iphoneos*]" = "iPhone Developer";
				COPY_PHASE_STRIP = NO;
				GCC_C_LANGUAGE_STANDARD = gnu99;
				GCC_DYNAMIC_NO_PIC = NO;
				GCC_OPTIMIZATION_LEVEL = 0;
				GCC_PREPROCESSOR_DEFINITIONS = (
					"DEBUG=1",
					"$(inherited)",
				);
				GCC_SYMBOLS_PRIVATE_EXTERN = NO;
				GCC_WARN_64_TO_32_BIT_CONVERSION = YES;
				GCC_WARN_ABOUT_RETURN_TYPE = YES_ERROR;
				GCC_WARN_UNDECLARED_SELECTOR = YES;
				GCC_WARN_UNINITIALIZED_AUTOS = YES_AGGRESSIVE;
				GCC_WARN_UNUSED_FUNCTION = YES;
				GCC_WARN_UNUSED_VARIABLE = YES;
				IPHONEOS_DEPLOYMENT_TARGET = 7.1;
				ONLY_ACTIVE_ARCH = YES;
				SDKROOT = iphoneos;
			};
			name = Debug;
		};
		D2FE088A18E721260043A2DF /* Release */ = {
			isa = XCBuildConfiguration;
			buildSettings = {
				ALWAYS_SEARCH_USER_PATHS = NO;
				CLANG_CXX_LANGUAGE_STANDARD = "gnu++0x";
				CLANG_CXX_LIBRARY = "libc++";
				CLANG_ENABLE_MODULES = YES;
				CLANG_ENABLE_OBJC_ARC = YES;
				CLANG_WARN_BOOL_CONVERSION = YES;
				CLANG_WARN_CONSTANT_CONVERSION = YES;
				CLANG_WARN_DIRECT_OBJC_ISA_USAGE = YES_ERROR;
				CLANG_WARN_EMPTY_BODY = YES;
				CLANG_WARN_ENUM_CONVERSION = YES;
				CLANG_WARN_INT_CONVERSION = YES;
				CLANG_WARN_OBJC_ROOT_CLASS = YES_ERROR;
				CLANG_WARN__DUPLICATE_METHOD_MATCH = YES;
				"CODE_SIGN_IDENTITY[sdk=iphoneos*]" = "iPhone Developer";
				COPY_PHASE_STRIP = YES;
				ENABLE_NS_ASSERTIONS = NO;
				GCC_C_LANGUAGE_STANDARD = gnu99;
				GCC_WARN_64_TO_32_BIT_CONVERSION = YES;
				GCC_WARN_ABOUT_RETURN_TYPE = YES_ERROR;
				GCC_WARN_UNDECLARED_SELECTOR = YES;
				GCC_WARN_UNINITIALIZED_AUTOS = YES_AGGRESSIVE;
				GCC_WARN_UNUSED_FUNCTION = YES;
				GCC_WARN_UNUSED_VARIABLE = YES;
				IPHONEOS_DEPLOYMENT_TARGET = 7.1;
				SDKROOT = iphoneos;
				VALIDATE_PRODUCT = YES;
			};
			name = Release;
		};
		D2FE088C18E721260043A2DF /* Debug */ = {
			isa = XCBuildConfiguration;
			buildSettings = {
				ASSETCATALOG_COMPILER_APPICON_NAME = AppIcon;
				ASSETCATALOG_COMPILER_LAUNCHIMAGE_NAME = LaunchImage;
				GCC_PRECOMPILE_PREFIX_HEADER = YES;
				GCC_PREFIX_HEADER = "CubeTest/CubeTest-Prefix.pch";
				INFOPLIST_FILE = "CubeTest/CubeTest-Info.plist";
				PRODUCT_NAME = "$(TARGET_NAME)";
				WRAPPER_EXTENSION = app;
			};
			name = Debug;
		};
		D2FE088D18E721260043A2DF /* Release */ = {
			isa = XCBuildConfiguration;
			buildSettings = {
				ASSETCATALOG_COMPILER_APPICON_NAME = AppIcon;
				ASSETCATALOG_COMPILER_LAUNCHIMAGE_NAME = LaunchImage;
				GCC_PRECOMPILE_PREFIX_HEADER = YES;
				GCC_PREFIX_HEADER = "CubeTest/CubeTest-Prefix.pch";
				INFOPLIST_FILE = "CubeTest/CubeTest-Info.plist";
				PRODUCT_NAME = "$(TARGET_NAME)";
				WRAPPER_EXTENSION = app;
			};
			name = Release;
		};
		D2FE088F18E721260043A2DF /* Debug */ = {
			isa = XCBuildConfiguration;
			buildSettings = {
				BUNDLE_LOADER = "$(BUILT_PRODUCTS_DIR)/CubeTest.app/CubeTest";
				FRAMEWORK_SEARCH_PATHS = (
					"$(SDKROOT)/Developer/Library/Frameworks",
					"$(inherited)",
					"$(DEVELOPER_FRAMEWORKS_DIR)",
				);
				GCC_PRECOMPILE_PREFIX_HEADER = YES;
				GCC_PREFIX_HEADER = "CubeTest/CubeTest-Prefix.pch";
				GCC_PREPROCESSOR_DEFINITIONS = (
					"DEBUG=1",
					"$(inherited)",
				);
				INFOPLIST_FILE = "CubeTestTests/CubeTestTests-Info.plist";
				PRODUCT_NAME = "$(TARGET_NAME)";
				TEST_HOST = "$(BUNDLE_LOADER)";
				WRAPPER_EXTENSION = xctest;
			};
			name = Debug;
		};
		D2FE089018E721260043A2DF /* Release */ = {
			isa = XCBuildConfiguration;
			buildSettings = {
				BUNDLE_LOADER = "$(BUILT_PRODUCTS_DIR)/CubeTest.app/CubeTest";
				FRAMEWORK_SEARCH_PATHS = (
					"$(SDKROOT)/Developer/Library/Frameworks",
					"$(inherited)",
					"$(DEVELOPER_FRAMEWORKS_DIR)",
				);
				GCC_PRECOMPILE_PREFIX_HEADER = YES;
				GCC_PREFIX_HEADER = "CubeTest/CubeTest-Prefix.pch";
				INFOPLIST_FILE = "CubeTestTests/CubeTestTests-Info.plist";
				PRODUCT_NAME = "$(TARGET_NAME)";
				TEST_HOST = "$(BUNDLE_LOADER)";
				WRAPPER_EXTENSION = xctest;
			};
			name = Release;
		};
/* End XCBuildConfiguration section */

/* Begin XCConfigurationList section */
		D2FE085418E721260043A2DF /* Build configuration list for PBXProject "CubeTest" */ = {
			isa = XCConfigurationList;
			buildConfigurations = (
				D2FE088918E721260043A2DF /* Debug */,
				D2FE088A18E721260043A2DF /* Release */,
			);
			defaultConfigurationIsVisible = 0;
			defaultConfigurationName = Release;
		};
		D2FE088B18E721260043A2DF /* Build configuration list for PBXNativeTarget "CubeTest" */ = {
			isa = XCConfigurationList;
			buildConfigurations = (
				D2FE088C18E721260043A2DF /* Debug */,
				D2FE088D18E721260043A2DF /* Release */,
			);
			defaultConfigurationIsVisible = 0;
		};
		D2FE088E18E721260043A2DF /* Build configuration list for PBXNativeTarget "CubeTestTests" */ = {
			isa = XCConfigurationList;
			buildConfigurations = (
				D2FE088F18E721260043A2DF /* Debug */,
				D2FE089018E721260043A2DF /* Release */,
			);
			defaultConfigurationIsVisible = 0;
		};
/* End XCConfigurationList section */
	};
	rootObject = D2FE085118E721260043A2DF /* Project object */;
}
