// !$*UTF8*$!
{
	archiveVersion = 1;
	classes = {
	};
	objectVersion = 46;
	objects = {

/* Begin PBXBuildFile section */
		D20EFA3918E5A5E3007C4DE5 /* Foundation.framework in Frameworks */ = {isa = PBXBuildFile; fileRef = D20EFA3818E5A5E3007C4DE5 /* Foundation.framework */; };
		D20EFA3B18E5A5E3007C4DE5 /* CoreGraphics.framework in Frameworks */ = {isa = PBXBuildFile; fileRef = D20EFA3A18E5A5E3007C4DE5 /* CoreGraphics.framework */; };
		D20EFA3D18E5A5E3007C4DE5 /* UIKit.framework in Frameworks */ = {isa = PBXBuildFile; fileRef = D20EFA3C18E5A5E3007C4DE5 /* UIKit.framework */; };
		D20EFA4318E5A5E3007C4DE5 /* InfoPlist.strings in Resources */ = {isa = PBXBuildFile; fileRef = D20EFA4118E5A5E3007C4DE5 /* InfoPlist.strings */; };
		D20EFA4518E5A5E3007C4DE5 /* main.m in Sources */ = {isa = PBXBuildFile; fileRef = D20EFA4418E5A5E3007C4DE5 /* main.m */; };
		D20EFA4918E5A5E3007C4DE5 /* AppDelegate.m in Sources */ = {isa = PBXBuildFile; fileRef = D20EFA4818E5A5E3007C4DE5 /* AppDelegate.m */; };
		D20EFA4C18E5A5E3007C4DE5 /* Main.storyboard in Resources */ = {isa = PBXBuildFile; fileRef = D20EFA4A18E5A5E3007C4DE5 /* Main.storyboard */; };
		D20EFA4F18E5A5E3007C4DE5 /* DigitalViewController.m in Sources */ = {isa = PBXBuildFile; fileRef = D20EFA4E18E5A5E3007C4DE5 /* DigitalViewController.m */; };
		D20EFA5118E5A5E3007C4DE5 /* Images.xcassets in Resources */ = {isa = PBXBuildFile; fileRef = D20EFA5018E5A5E3007C4DE5 /* Images.xcassets */; };
		D20EFA5818E5A5E3007C4DE5 /* XCTest.framework in Frameworks */ = {isa = PBXBuildFile; fileRef = D20EFA5718E5A5E3007C4DE5 /* XCTest.framework */; };
		D20EFA5918E5A5E3007C4DE5 /* Foundation.framework in Frameworks */ = {isa = PBXBuildFile; fileRef = D20EFA3818E5A5E3007C4DE5 /* Foundation.framework */; };
		D20EFA5A18E5A5E3007C4DE5 /* UIKit.framework in Frameworks */ = {isa = PBXBuildFile; fileRef = D20EFA3C18E5A5E3007C4DE5 /* UIKit.framework */; };
		D20EFA6218E5A5E3007C4DE5 /* InfoPlist.strings in Resources */ = {isa = PBXBuildFile; fileRef = D20EFA6018E5A5E3007C4DE5 /* InfoPlist.strings */; };
		D20EFA6418E5A5E3007C4DE5 /* ClockFaceTests.m in Sources */ = {isa = PBXBuildFile; fileRef = D20EFA6318E5A5E3007C4DE5 /* ClockFaceTests.m */; };
		D268D5DC18E973AB0001CF15 /* ClockFaceViewController.m in Sources */ = {isa = PBXBuildFile; fileRef = D268D5DB18E973AB0001CF15 /* ClockFaceViewController.m */; };
/* End PBXBuildFile section */

/* Begin PBXContainerItemProxy section */
		D20EFA5B18E5A5E3007C4DE5 /* PBXContainerItemProxy */ = {
			isa = PBXContainerItemProxy;
			containerPortal = D20EFA2D18E5A5E3007C4DE5 /* Project object */;
			proxyType = 1;
			remoteGlobalIDString = D20EFA3418E5A5E3007C4DE5;
			remoteInfo = ClockFace;
		};
/* End PBXContainerItemProxy section */

/* Begin PBXFileReference section */
		D20EFA3518E5A5E3007C4DE5 /* ClockFace.app */ = {isa = PBXFileReference; explicitFileType = wrapper.application; includeInIndex = 0; path = ClockFace.app; sourceTree = BUILT_PRODUCTS_DIR; };
		D20EFA3818E5A5E3007C4DE5 /* Foundation.framework */ = {isa = PBXFileReference; lastKnownFileType = wrapper.framework; name = Foundation.framework; path = System/Library/Frameworks/Foundation.framework; sourceTree = SDKROOT; };
		D20EFA3A18E5A5E3007C4DE5 /* CoreGraphics.framework */ = {isa = PBXFileReference; lastKnownFileType = wrapper.framework; name = CoreGraphics.framework; path = System/Library/Frameworks/CoreGraphics.framework; sourceTree = SDKROOT; };
		D20EFA3C18E5A5E3007C4DE5 /* UIKit.framework */ = {isa = PBXFileReference; lastKnownFileType = wrapper.framework; name = UIKit.framework; path = System/Library/Frameworks/UIKit.framework; sourceTree = SDKROOT; };
		D20EFA4018E5A5E3007C4DE5 /* ClockFace-Info.plist */ = {isa = PBXFileReference; lastKnownFileType = text.plist.xml; path = "ClockFace-Info.plist"; sourceTree = "<group>"; };
		D20EFA4218E5A5E3007C4DE5 /* en */ = {isa = PBXFileReference; lastKnownFileType = text.plist.strings; name = en; path = en.lproj/InfoPlist.strings; sourceTree = "<group>"; };
		D20EFA4418E5A5E3007C4DE5 /* main.m */ = {isa = PBXFileReference; lastKnownFileType = sourcecode.c.objc; path = main.m; sourceTree = "<group>"; };
		D20EFA4618E5A5E3007C4DE5 /* ClockFace-Prefix.pch */ = {isa = PBXFileReference; lastKnownFileType = sourcecode.c.h; path = "ClockFace-Prefix.pch"; sourceTree = "<group>"; };
		D20EFA4718E5A5E3007C4DE5 /* AppDelegate.h */ = {isa = PBXFileReference; lastKnownFileType = sourcecode.c.h; path = AppDelegate.h; sourceTree = "<group>"; };
		D20EFA4818E5A5E3007C4DE5 /* AppDelegate.m */ = {isa = PBXFileReference; lastKnownFileType = sourcecode.c.objc; path = AppDelegate.m; sourceTree = "<group>"; };
		D20EFA4B18E5A5E3007C4DE5 /* Base */ = {isa = PBXFileReference; lastKnownFileType = file.storyboard; name = Base; path = Base.lproj/Main.storyboard; sourceTree = "<group>"; };
		D20EFA4D18E5A5E3007C4DE5 /* DigitalViewController.h */ = {isa = PBXFileReference; lastKnownFileType = sourcecode.c.h; path = DigitalViewController.h; sourceTree = "<group>"; };
		D20EFA4E18E5A5E3007C4DE5 /* DigitalViewController.m */ = {isa = PBXFileReference; lastKnownFileType = sourcecode.c.objc; path = DigitalViewController.m; sourceTree = "<group>"; };
		D20EFA5018E5A5E3007C4DE5 /* Images.xcassets */ = {isa = PBXFileReference; lastKnownFileType = folder.assetcatalog; path = Images.xcassets; sourceTree = "<group>"; };
		D20EFA5618E5A5E3007C4DE5 /* ClockFaceTests.xctest */ = {isa = PBXFileReference; explicitFileType = wrapper.cfbundle; includeInIndex = 0; path = ClockFaceTests.xctest; sourceTree = BUILT_PRODUCTS_DIR; };
		D20EFA5718E5A5E3007C4DE5 /* XCTest.framework */ = {isa = PBXFileReference; lastKnownFileType = wrapper.framework; name = XCTest.framework; path = Library/Frameworks/XCTest.framework; sourceTree = DEVELOPER_DIR; };
		D20EFA5F18E5A5E3007C4DE5 /* ClockFaceTests-Info.plist */ = {isa = PBXFileReference; lastKnownFileType = text.plist.xml; path = "ClockFaceTests-Info.plist"; sourceTree = "<group>"; };
		D20EFA6118E5A5E3007C4DE5 /* en */ = {isa = PBXFileReference; lastKnownFileType = text.plist.strings; name = en; path = en.lproj/InfoPlist.strings; sourceTree = "<group>"; };
		D20EFA6318E5A5E3007C4DE5 /* ClockFaceTests.m */ = {isa = PBXFileReference; lastKnownFileType = sourcecode.c.objc; path = ClockFaceTests.m; sourceTree = "<group>"; };
		D268D5DA18E973AB0001CF15 /* ClockFaceViewController.h */ = {isa = PBXFileReference; fileEncoding = 4; lastKnownFileType = sourcecode.c.h; path = ClockFaceViewController.h; sourceTree = "<group>"; };
		D268D5DB18E973AB0001CF15 /* ClockFaceViewController.m */ = {isa = PBXFileReference; fileEncoding = 4; lastKnownFileType = sourcecode.c.objc; path = ClockFaceViewController.m; sourceTree = "<group>"; };
/* End PBXFileReference section */

/* Begin PBXFrameworksBuildPhase section */
		D20EFA3218E5A5E3007C4DE5 /* Frameworks */ = {
			isa = PBXFrameworksBuildPhase;
			buildActionMask = 2147483647;
			files = (
				D20EFA3B18E5A5E3007C4DE5 /* CoreGraphics.framework in Frameworks */,
				D20EFA3D18E5A5E3007C4DE5 /* UIKit.framework in Frameworks */,
				D20EFA3918E5A5E3007C4DE5 /* Foundation.framework in Frameworks */,
			);
			runOnlyForDeploymentPostprocessing = 0;
		};
		D20EFA5318E5A5E3007C4DE5 /* Frameworks */ = {
			isa = PBXFrameworksBuildPhase;
			buildActionMask = 2147483647;
			files = (
				D20EFA5818E5A5E3007C4DE5 /* XCTest.framework in Frameworks */,
				D20EFA5A18E5A5E3007C4DE5 /* UIKit.framework in Frameworks */,
				D20EFA5918E5A5E3007C4DE5 /* Foundation.framework in Frameworks */,
			);
			runOnlyForDeploymentPostprocessing = 0;
		};
/* End PBXFrameworksBuildPhase section */

/* Begin PBXGroup section */
		D20EFA2C18E5A5E3007C4DE5 = {
			isa = PBXGroup;
			children = (
				D20EFA3E18E5A5E3007C4DE5 /* ClockFace */,
				D20EFA5D18E5A5E3007C4DE5 /* ClockFaceTests */,
				D20EFA3718E5A5E3007C4DE5 /* Frameworks */,
				D20EFA3618E5A5E3007C4DE5 /* Products */,
			);
			sourceTree = "<group>";
		};
		D20EFA3618E5A5E3007C4DE5 /* Products */ = {
			isa = PBXGroup;
			children = (
				D20EFA3518E5A5E3007C4DE5 /* ClockFace.app */,
				D20EFA5618E5A5E3007C4DE5 /* ClockFaceTests.xctest */,
			);
			name = Products;
			sourceTree = "<group>";
		};
		D20EFA3718E5A5E3007C4DE5 /* Frameworks */ = {
			isa = PBXGroup;
			children = (
				D20EFA3818E5A5E3007C4DE5 /* Foundation.framework */,
				D20EFA3A18E5A5E3007C4DE5 /* CoreGraphics.framework */,
				D20EFA3C18E5A5E3007C4DE5 /* UIKit.framework */,
				D20EFA5718E5A5E3007C4DE5 /* XCTest.framework */,
			);
			name = Frameworks;
			sourceTree = "<group>";
		};
		D20EFA3E18E5A5E3007C4DE5 /* ClockFace */ = {
			isa = PBXGroup;
			children = (
				D20EFA4718E5A5E3007C4DE5 /* AppDelegate.h */,
				D20EFA4818E5A5E3007C4DE5 /* AppDelegate.m */,
				D20EFA4A18E5A5E3007C4DE5 /* Main.storyboard */,
				D20EFA4D18E5A5E3007C4DE5 /* DigitalViewController.h */,
				D20EFA4E18E5A5E3007C4DE5 /* DigitalViewController.m */,
				D20EFA5018E5A5E3007C4DE5 /* Images.xcassets */,
				D20EFA3F18E5A5E3007C4DE5 /* Supporting Files */,
				D268D5DA18E973AB0001CF15 /* ClockFaceViewController.h */,
				D268D5DB18E973AB0001CF15 /* ClockFaceViewController.m */,
			);
			path = ClockFace;
			sourceTree = "<group>";
		};
		D20EFA3F18E5A5E3007C4DE5 /* Supporting Files */ = {
			isa = PBXGroup;
			children = (
				D20EFA4018E5A5E3007C4DE5 /* ClockFace-Info.plist */,
				D20EFA4118E5A5E3007C4DE5 /* InfoPlist.strings */,
				D20EFA4418E5A5E3007C4DE5 /* main.m */,
				D20EFA4618E5A5E3007C4DE5 /* ClockFace-Prefix.pch */,
			);
			name = "Supporting Files";
			sourceTree = "<group>";
		};
		D20EFA5D18E5A5E3007C4DE5 /* ClockFaceTests */ = {
			isa = PBXGroup;
			children = (
				D20EFA6318E5A5E3007C4DE5 /* ClockFaceTests.m */,
				D20EFA5E18E5A5E3007C4DE5 /* Supporting Files */,
			);
			path = ClockFaceTests;
			sourceTree = "<group>";
		};
		D20EFA5E18E5A5E3007C4DE5 /* Supporting Files */ = {
			isa = PBXGroup;
			children = (
				D20EFA5F18E5A5E3007C4DE5 /* ClockFaceTests-Info.plist */,
				D20EFA6018E5A5E3007C4DE5 /* InfoPlist.strings */,
			);
			name = "Supporting Files";
			sourceTree = "<group>";
		};
/* End PBXGroup section */

/* Begin PBXNativeTarget section */
		D20EFA3418E5A5E3007C4DE5 /* ClockFace */ = {
			isa = PBXNativeTarget;
			buildConfigurationList = D20EFA6718E5A5E3007C4DE5 /* Build configuration list for PBXNativeTarget "ClockFace" */;
			buildPhases = (
				D20EFA3118E5A5E3007C4DE5 /* Sources */,
				D20EFA3218E5A5E3007C4DE5 /* Frameworks */,
				D20EFA3318E5A5E3007C4DE5 /* Resources */,
			);
			buildRules = (
			);
			dependencies = (
			);
			name = ClockFace;
			productName = ClockFace;
			productReference = D20EFA3518E5A5E3007C4DE5 /* ClockFace.app */;
			productType = "com.apple.product-type.application";
		};
		D20EFA5518E5A5E3007C4DE5 /* ClockFaceTests */ = {
			isa = PBXNativeTarget;
			buildConfigurationList = D20EFA6A18E5A5E3007C4DE5 /* Build configuration list for PBXNativeTarget "ClockFaceTests" */;
			buildPhases = (
				D20EFA5218E5A5E3007C4DE5 /* Sources */,
				D20EFA5318E5A5E3007C4DE5 /* Frameworks */,
				D20EFA5418E5A5E3007C4DE5 /* Resources */,
			);
			buildRules = (
			);
			dependencies = (
				D20EFA5C18E5A5E3007C4DE5 /* PBXTargetDependency */,
			);
			name = ClockFaceTests;
			productName = ClockFaceTests;
			productReference = D20EFA5618E5A5E3007C4DE5 /* ClockFaceTests.xctest */;
			productType = "com.apple.product-type.bundle.unit-test";
		};
/* End PBXNativeTarget section */

/* Begin PBXProject section */
		D20EFA2D18E5A5E3007C4DE5 /* Project object */ = {
			isa = PBXProject;
			attributes = {
				LastUpgradeCheck = 0510;
				ORGANIZATIONNAME = "Optimac, Inc.";
				TargetAttributes = {
					D20EFA5518E5A5E3007C4DE5 = {
						TestTargetID = D20EFA3418E5A5E3007C4DE5;
					};
				};
			};
			buildConfigurationList = D20EFA3018E5A5E3007C4DE5 /* Build configuration list for PBXProject "ClockFace" */;
			compatibilityVersion = "Xcode 3.2";
			developmentRegion = English;
			hasScannedForEncodings = 0;
			knownRegions = (
				en,
				Base,
			);
			mainGroup = D20EFA2C18E5A5E3007C4DE5;
			productRefGroup = D20EFA3618E5A5E3007C4DE5 /* Products */;
			projectDirPath = "";
			projectRoot = "";
			targets = (
				D20EFA3418E5A5E3007C4DE5 /* ClockFace */,
				D20EFA5518E5A5E3007C4DE5 /* ClockFaceTests */,
			);
		};
/* End PBXProject section */

/* Begin PBXResourcesBuildPhase section */
		D20EFA3318E5A5E3007C4DE5 /* Resources */ = {
			isa = PBXResourcesBuildPhase;
			buildActionMask = 2147483647;
			files = (
				D20EFA5118E5A5E3007C4DE5 /* Images.xcassets in Resources */,
				D20EFA4318E5A5E3007C4DE5 /* InfoPlist.strings in Resources */,
				D20EFA4C18E5A5E3007C4DE5 /* Main.storyboard in Resources */,
			);
			runOnlyForDeploymentPostprocessing = 0;
		};
		D20EFA5418E5A5E3007C4DE5 /* Resources */ = {
			isa = PBXResourcesBuildPhase;
			buildActionMask = 2147483647;
			files = (
				D20EFA6218E5A5E3007C4DE5 /* InfoPlist.strings in Resources */,
			);
			runOnlyForDeploymentPostprocessing = 0;
		};
/* End PBXResourcesBuildPhase section */

/* Begin PBXSourcesBuildPhase section */
		D20EFA3118E5A5E3007C4DE5 /* Sources */ = {
			isa = PBXSourcesBuildPhase;
			buildActionMask = 2147483647;
			files = (
				D20EFA4F18E5A5E3007C4DE5 /* DigitalViewController.m in Sources */,
				D20EFA4918E5A5E3007C4DE5 /* AppDelegate.m in Sources */,
				D268D5DC18E973AB0001CF15 /* ClockFaceViewController.m in Sources */,
				D20EFA4518E5A5E3007C4DE5 /* main.m in Sources */,
			);
			runOnlyForDeploymentPostprocessing = 0;
		};
		D20EFA5218E5A5E3007C4DE5 /* Sources */ = {
			isa = PBXSourcesBuildPhase;
			buildActionMask = 2147483647;
			files = (
				D20EFA6418E5A5E3007C4DE5 /* ClockFaceTests.m in Sources */,
			);
			runOnlyForDeploymentPostprocessing = 0;
		};
/* End PBXSourcesBuildPhase section */

/* Begin PBXTargetDependency section */
		D20EFA5C18E5A5E3007C4DE5 /* PBXTargetDependency */ = {
			isa = PBXTargetDependency;
			target = D20EFA3418E5A5E3007C4DE5 /* ClockFace */;
			targetProxy = D20EFA5B18E5A5E3007C4DE5 /* PBXContainerItemProxy */;
		};
/* End PBXTargetDependency section */

/* Begin PBXVariantGroup section */
		D20EFA4118E5A5E3007C4DE5 /* InfoPlist.strings */ = {
			isa = PBXVariantGroup;
			children = (
				D20EFA4218E5A5E3007C4DE5 /* en */,
			);
			name = InfoPlist.strings;
			sourceTree = "<group>";
		};
		D20EFA4A18E5A5E3007C4DE5 /* Main.storyboard */ = {
			isa = PBXVariantGroup;
			children = (
				D20EFA4B18E5A5E3007C4DE5 /* Base */,
			);
			name = Main.storyboard;
			sourceTree = "<group>";
		};
		D20EFA6018E5A5E3007C4DE5 /* InfoPlist.strings */ = {
			isa = PBXVariantGroup;
			children = (
				D20EFA6118E5A5E3007C4DE5 /* en */,
			);
			name = InfoPlist.strings;
			sourceTree = "<group>";
		};
/* End PBXVariantGroup section */

/* Begin XCBuildConfiguration section */
		D20EFA6518E5A5E3007C4DE5 /* Debug */ = {
			isa = XCBuildConfiguration;
			buildSettings = {
				ALWAYS_SEARCH_USER_PATHS = NO;
				CLANG_CXX_LANGUAGE_STANDARD = "gnu++0x";
				CLANG_CXX_LIBRARY = "libc++";
				CLANG_ENABLE_MODULES = YES;
				CLANG_ENABLE_OBJC_ARC = YES;
				CLANG_WARN_BOOL_CONVERSION = YES;
				CLANG_WARN_CONSTANT_CONVERSION = YES;
				CLANG_WARN_DIRECT_OBJC_ISA_USAGE = YES_ERROR;
				CLANG_WARN_EMPTY_BODY = YES;
				CLANG_WARN_ENUM_CONVERSION = YES;
				CLANG_WARN_INT_CONVERSION = YES;
				CLANG_WARN_OBJC_ROOT_CLASS = YES_ERROR;
				CLANG_WARN__DUPLICATE_METHOD_MATCH = YES;
				"CODE_SIGN_IDENTITY[sdk=iphoneos*]" = "iPhone Developer";
				COPY_PHASE_STRIP = NO;
				GCC_C_LANGUAGE_STANDARD = gnu99;
				GCC_DYNAMIC_NO_PIC = NO;
				GCC_OPTIMIZATION_LEVEL = 0;
				GCC_PREPROCESSOR_DEFINITIONS = (
					"DEBUG=1",
					"$(inherited)",
				);
				GCC_SYMBOLS_PRIVATE_EXTERN = NO;
				GCC_WARN_64_TO_32_BIT_CONVERSION = YES;
				GCC_WARN_ABOUT_RETURN_TYPE = YES_ERROR;
				GCC_WARN_UNDECLARED_SELECTOR = YES;
				GCC_WARN_UNINITIALIZED_AUTOS = YES_AGGRESSIVE;
				GCC_WARN_UNUSED_FUNCTION = YES;
				GCC_WARN_UNUSED_VARIABLE = YES;
				IPHONEOS_DEPLOYMENT_TARGET = 7.1;
				ONLY_ACTIVE_ARCH = YES;
				SDKROOT = iphoneos;
			};
			name = Debug;
		};
		D20EFA6618E5A5E3007C4DE5 /* Release */ = {
			isa = XCBuildConfiguration;
			buildSettings = {
				ALWAYS_SEARCH_USER_PATHS = NO;
				CLANG_CXX_LANGUAGE_STANDARD = "gnu++0x";
				CLANG_CXX_LIBRARY = "libc++";
				CLANG_ENABLE_MODULES = YES;
				CLANG_ENABLE_OBJC_ARC = YES;
				CLANG_WARN_BOOL_CONVERSION = YES;
				CLANG_WARN_CONSTANT_CONVERSION = YES;
				CLANG_WARN_DIRECT_OBJC_ISA_USAGE = YES_ERROR;
				CLANG_WARN_EMPTY_BODY = YES;
				CLANG_WARN_ENUM_CONVERSION = YES;
				CLANG_WARN_INT_CONVERSION = YES;
				CLANG_WARN_OBJC_ROOT_CLASS = YES_ERROR;
				CLANG_WARN__DUPLICATE_METHOD_MATCH = YES;
				"CODE_SIGN_IDENTITY[sdk=iphoneos*]" = "iPhone Developer";
				COPY_PHASE_STRIP = YES;
				ENABLE_NS_ASSERTIONS = NO;
				GCC_C_LANGUAGE_STANDARD = gnu99;
				GCC_WARN_64_TO_32_BIT_CONVERSION = YES;
				GCC_WARN_ABOUT_RETURN_TYPE = YES_ERROR;
				GCC_WARN_UNDECLARED_SELECTOR = YES;
				GCC_WARN_UNINITIALIZED_AUTOS = YES_AGGRESSIVE;
				GCC_WARN_UNUSED_FUNCTION = YES;
				GCC_WARN_UNUSED_VARIABLE = YES;
				IPHONEOS_DEPLOYMENT_TARGET = 7.1;
				SDKROOT = iphoneos;
				VALIDATE_PRODUCT = YES;
			};
			name = Release;
		};
		D20EFA6818E5A5E3007C4DE5 /* Debug */ = {
			isa = XCBuildConfiguration;
			buildSettings = {
				ASSETCATALOG_COMPILER_APPICON_NAME = AppIcon;
				ASSETCATALOG_COMPILER_LAUNCHIMAGE_NAME = LaunchImage;
				GCC_PRECOMPILE_PREFIX_HEADER = YES;
				GCC_PREFIX_HEADER = "ClockFace/ClockFace-Prefix.pch";
				INFOPLIST_FILE = "ClockFace/ClockFace-Info.plist";
				PRODUCT_NAME = "$(TARGET_NAME)";
				WRAPPER_EXTENSION = app;
			};
			name = Debug;
		};
		D20EFA6918E5A5E3007C4DE5 /* Release */ = {
			isa = XCBuildConfiguration;
			buildSettings = {
				ASSETCATALOG_COMPILER_APPICON_NAME = AppIcon;
				ASSETCATALOG_COMPILER_LAUNCHIMAGE_NAME = LaunchImage;
				GCC_PRECOMPILE_PREFIX_HEADER = YES;
				GCC_PREFIX_HEADER = "ClockFace/ClockFace-Prefix.pch";
				INFOPLIST_FILE = "ClockFace/ClockFace-Info.plist";
				PRODUCT_NAME = "$(TARGET_NAME)";
				WRAPPER_EXTENSION = app;
			};
			name = Release;
		};
		D20EFA6B18E5A5E3007C4DE5 /* Debug */ = {
			isa = XCBuildConfiguration;
			buildSettings = {
				BUNDLE_LOADER = "$(BUILT_PRODUCTS_DIR)/ClockFace.app/ClockFace";
				FRAMEWORK_SEARCH_PATHS = (
					"$(SDKROOT)/Developer/Library/Frameworks",
					"$(inherited)",
					"$(DEVELOPER_FRAMEWORKS_DIR)",
				);
				GCC_PRECOMPILE_PREFIX_HEADER = YES;
				GCC_PREFIX_HEADER = "ClockFace/ClockFace-Prefix.pch";
				GCC_PREPROCESSOR_DEFINITIONS = (
					"DEBUG=1",
					"$(inherited)",
				);
				INFOPLIST_FILE = "ClockFaceTests/ClockFaceTests-Info.plist";
				PRODUCT_NAME = "$(TARGET_NAME)";
				TEST_HOST = "$(BUNDLE_LOADER)";
				WRAPPER_EXTENSION = xctest;
			};
			name = Debug;
		};
		D20EFA6C18E5A5E3007C4DE5 /* Release */ = {
			isa = XCBuildConfiguration;
			buildSettings = {
				BUNDLE_LOADER = "$(BUILT_PRODUCTS_DIR)/ClockFace.app/ClockFace";
				FRAMEWORK_SEARCH_PATHS = (
					"$(SDKROOT)/Developer/Library/Frameworks",
					"$(inherited)",
					"$(DEVELOPER_FRAMEWORKS_DIR)",
				);
				GCC_PRECOMPILE_PREFIX_HEADER = YES;
				GCC_PREFIX_HEADER = "ClockFace/ClockFace-Prefix.pch";
				INFOPLIST_FILE = "ClockFaceTests/ClockFaceTests-Info.plist";
				PRODUCT_NAME = "$(TARGET_NAME)";
				TEST_HOST = "$(BUNDLE_LOADER)";
				WRAPPER_EXTENSION = xctest;
			};
			name = Release;
		};
/* End XCBuildConfiguration section */

/* Begin XCConfigurationList section */
		D20EFA3018E5A5E3007C4DE5 /* Build configuration list for PBXProject "ClockFace" */ = {
			isa = XCConfigurationList;
			buildConfigurations = (
				D20EFA6518E5A5E3007C4DE5 /* Debug */,
				D20EFA6618E5A5E3007C4DE5 /* Release */,
			);
			defaultConfigurationIsVisible = 0;
			defaultConfigurationName = Release;
		};
		D20EFA6718E5A5E3007C4DE5 /* Build configuration list for PBXNativeTarget "ClockFace" */ = {
			isa = XCConfigurationList;
			buildConfigurations = (
				D20EFA6818E5A5E3007C4DE5 /* Debug */,
				D20EFA6918E5A5E3007C4DE5 /* Release */,
			);
			defaultConfigurationIsVisible = 0;
			defaultConfigurationName = Release;
		};
		D20EFA6A18E5A5E3007C4DE5 /* Build configuration list for PBXNativeTarget "ClockFaceTests" */ = {
			isa = XCConfigurationList;
			buildConfigurations = (
				D20EFA6B18E5A5E3007C4DE5 /* Debug */,
				D20EFA6C18E5A5E3007C4DE5 /* Release */,
			);
			defaultConfigurationIsVisible = 0;
			defaultConfigurationName = Release;
		};
/* End XCConfigurationList section */
	};
	rootObject = D20EFA2D18E5A5E3007C4DE5 /* Project object */;
}
